
Microsoft Visual Studio Solution File, Format Version 12.00
# Visual Studio Version 17
VisualStudioVersion = 17.9.34728.123
MinimumVisualStudioVersion = 10.0.40219.1
Project("{FAE04EC0-301F-11D3-BF4B-00C04F79EFBC}") = "NftScanner.Console", "NftScanner.Console\NftScanner.Console.csproj", "{A63563C1-7979-4512-AB6B-5984DEABCF6D}"
EndProject
Global
	GlobalSection(SolutionConfigurationPlatforms) = preSolution
		Debug|Any CPU = Debug|Any CPU
		Release|Any CPU = Release|Any CPU
	EndGlobalSection
	GlobalSection(ProjectConfigurationPlatforms) = postSolution
		{A63563C1-7979-4512-AB6B-5984DEABCF6D}.Debug|Any CPU.ActiveCfg = Debug|Any CPU
		{A63563C1-7979-4512-AB6B-5984DEABCF6D}.Debug|Any CPU.Build.0 = Debug|Any CPU
		{A63563C1-7979-4512-AB6B-5984DEABCF6D}.Release|Any CPU.ActiveCfg = Release|Any CPU
		{A63563C1-7979-4512-AB6B-5984DEABCF6D}.Release|Any CPU.Build.0 = Release|Any CPU
	EndGlobalSection
	GlobalSection(SolutionProperties) = preSolution
		HideSolutionNode = FALSE
	EndGlobalSection
	GlobalSection(ExtensibilityGlobals) = postSolution
		SolutionGuid = {A85A161E-353F-45E5-B021-991ED3158AF8}
	EndGlobalSection
EndGlobal
